
Microsoft Visual Studio Solution File, Format Version 12.00
# Visual Studio Version 17
VisualStudioVersion = 17.8.34309.116
MinimumVisualStudioVersion = 10.0.40219.1
Project("{9A19103F-16F7-4668-BE54-9A1E7A4F7556}") = "WebApplication3", "WebApplication3.csproj", "{4334C8BA-8DA2-46A7-A949-F8CCC2AACAA4}"
EndProject
Global
	GlobalSection(SolutionConfigurationPlatforms) = preSolution
		Debug|Any CPU = Debug|Any CPU
		Release|Any CPU = Release|Any CPU
	EndGlobalSection
	GlobalSection(ProjectConfigurationPlatforms) = postSolution
		{4334C8BA-8DA2-46A7-A949-F8CCC2AACAA4}.Debug|Any CPU.ActiveCfg = Debug|Any CPU
		{4334C8BA-8DA2-46A7-A949-F8CCC2AACAA4}.Debug|Any CPU.Build.0 = Debug|Any CPU
		{4334C8BA-8DA2-46A7-A949-F8CCC2AACAA4}.Release|Any CPU.ActiveCfg = Release|Any CPU
		{4334C8BA-8DA2-46A7-A949-F8CCC2AACAA4}.Release|Any CPU.Build.0 = Release|Any CPU
	EndGlobalSection
	GlobalSection(SolutionProperties) = preSolution
		HideSolutionNode = FALSE
	EndGlobalSection
	GlobalSection(ExtensibilityGlobals) = postSolution
		SolutionGuid = {D09CEC28-C07E-4913-BCF8-1002867E7216}
	EndGlobalSection
EndGlobal
